PODS:
  - Alamofire (5.6.1)
  - Sniffer (2.1.2)

DEPENDENCIES:
  - Alamofire
  - Sniffer

SPEC REPOS:
  trunk:
    - Alamofire
    - Sniffer

SPEC CHECKSUMS:
  Alamofire: 87bd8c952f9a4454320fce00d9cc3de57bcadaf5
  Sniffer: 49b0f010f20b1570ed0a760b91d707440197d7a8

PODFILE CHECKSUM: 611008e27a21025c7c55668e82805db1ed951c7b

COCOAPODS: 1.11.3
